
Microsoft Visual Studio Solution File, Format Version 12.00
# Visual Studio Version 17
VisualStudioVersion = 17.10.35013.160
MinimumVisualStudioVersion = 10.0.40219.1
Project("{FAE04EC0-301F-11D3-BF4B-00C04F79EFBC}") = "GitHubsPageDantas", "GitHubsPageDantas.csproj", "{CBB3C4AF-7839-4866-BD29-D2E000358DD1}"
EndProject
Global
	GlobalSection(SolutionConfigurationPlatforms) = preSolution
		Debug|Any CPU = Debug|Any CPU
		Release|Any CPU = Release|Any CPU
	EndGlobalSection
	GlobalSection(ProjectConfigurationPlatforms) = postSolution
		{CBB3C4AF-7839-4866-BD29-D2E000358DD1}.Debug|Any CPU.ActiveCfg = Debug|Any CPU
		{CBB3C4AF-7839-4866-BD29-D2E000358DD1}.Debug|Any CPU.Build.0 = Debug|Any CPU
		{CBB3C4AF-7839-4866-BD29-D2E000358DD1}.Release|Any CPU.ActiveCfg = Release|Any CPU
		{CBB3C4AF-7839-4866-BD29-D2E000358DD1}.Release|Any CPU.Build.0 = Release|Any CPU
	EndGlobalSection
	GlobalSection(SolutionProperties) = preSolution
		HideSolutionNode = FALSE
	EndGlobalSection
	GlobalSection(ExtensibilityGlobals) = postSolution
		SolutionGuid = {A9CAEC5B-8C08-49AC-BE13-3550792042B6}
	EndGlobalSection
EndGlobal
